
Microsoft Visual Studio Solution File, Format Version 12.00
# Visual Studio Version 17
VisualStudioVersion = 17.5.002.0
MinimumVisualStudioVersion = 10.0.40219.1
Project("{9A19103F-16F7-4668-BE54-9A1E7A4F7556}") = "Zhenic", "Zhenic.csproj", "{A2E53D62-1104-4591-B0D6-7061D5CA69AA}"
EndProject
Global
	GlobalSection(SolutionConfigurationPlatforms) = preSolution
		Debug|Any CPU = Debug|Any CPU
		Release|Any CPU = Release|Any CPU
	EndGlobalSection
	GlobalSection(ProjectConfigurationPlatforms) = postSolution
		{A2E53D62-1104-4591-B0D6-7061D5CA69AA}.Debug|Any CPU.ActiveCfg = Debug|Any CPU
		{A2E53D62-1104-4591-B0D6-7061D5CA69AA}.Debug|Any CPU.Build.0 = Debug|Any CPU
		{A2E53D62-1104-4591-B0D6-7061D5CA69AA}.Release|Any CPU.ActiveCfg = Release|Any CPU
		{A2E53D62-1104-4591-B0D6-7061D5CA69AA}.Release|Any CPU.Build.0 = Release|Any CPU
	EndGlobalSection
	GlobalSection(SolutionProperties) = preSolution
		HideSolutionNode = FALSE
	EndGlobalSection
	GlobalSection(ExtensibilityGlobals) = postSolution
		SolutionGuid = {5B99A1B1-2B4E-4938-BBD1-01E97A8A120A}
	EndGlobalSection
EndGlobal
